
Microsoft Visual Studio Solution File, Format Version 12.00
# Visual Studio Version 17
VisualStudioVersion = 17.3.32922.545
MinimumVisualStudioVersion = 10.0.40219.1
Project("{9A19103F-16F7-4668-BE54-9A1E7A4F7556}") = "CoffeeToolkit.Tests", "CoffeeToolkit.Tests\CoffeeToolkit.Tests.csproj", "{CEA98016-1026-4BAA-8061-E7FB7624DDF1}"
EndProject
Project("{9A19103F-16F7-4668-BE54-9A1E7A4F7556}") = "CoffeeToolkit.Linq", "CoffeeToolkit.Linq\CoffeeToolkit.Linq.csproj", "{354591F8-F5A0-4253-93EC-0A83F93DC8E6}"
EndProject
Project("{9A19103F-16F7-4668-BE54-9A1E7A4F7556}") = "CoffeeToolkit.Random", "CoffeeToolkit.Random\CoffeeToolkit.Random.csproj", "{BEB0FED2-69F0-41BE-ACBF-12F0A04B19C8}"
EndProject
Project("{9A19103F-16F7-4668-BE54-9A1E7A4F7556}") = "CoffeeToolkit.Time", "CoffeeToolkit.Time\CoffeeToolkit.Time.csproj", "{B982111C-991E-49FB-B9F8-9899A3F2DA10}"
EndProject
Project("{9A19103F-16F7-4668-BE54-9A1E7A4F7556}") = "CoffeeToolkit.Progress", "CoffeeToolkit.Progress\CoffeeToolkit.Progress.csproj", "{111B43EE-4E2E-41F4-87BC-39D0AD340395}"
EndProject
Project("{9A19103F-16F7-4668-BE54-9A1E7A4F7556}") = "CoffeeToolkit.DependencyInjection", "CoffeeToolkit.DependencyInjection\CoffeeToolkit.DependencyInjection.csproj", "{7C98B53A-7BFD-4C64-ADCF-DA18488414FD}"
EndProject
Global
	GlobalSection(SolutionConfigurationPlatforms) = preSolution
		Debug|Any CPU = Debug|Any CPU
		Release|Any CPU = Release|Any CPU
	EndGlobalSection
	GlobalSection(ProjectConfigurationPlatforms) = postSolution
		{CEA98016-1026-4BAA-8061-E7FB7624DDF1}.Debug|Any CPU.ActiveCfg = Debug|Any CPU
		{CEA98016-1026-4BAA-8061-E7FB7624DDF1}.Debug|Any CPU.Build.0 = Debug|Any CPU
		{CEA98016-1026-4BAA-8061-E7FB7624DDF1}.Release|Any CPU.ActiveCfg = Release|Any CPU
		{CEA98016-1026-4BAA-8061-E7FB7624DDF1}.Release|Any CPU.Build.0 = Release|Any CPU
		{354591F8-F5A0-4253-93EC-0A83F93DC8E6}.Debug|Any CPU.ActiveCfg = Debug|Any CPU
		{354591F8-F5A0-4253-93EC-0A83F93DC8E6}.Debug|Any CPU.Build.0 = Debug|Any CPU
		{354591F8-F5A0-4253-93EC-0A83F93DC8E6}.Release|Any CPU.ActiveCfg = Release|Any CPU
		{354591F8-F5A0-4253-93EC-0A83F93DC8E6}.Release|Any CPU.Build.0 = Release|Any CPU
		{BEB0FED2-69F0-41BE-ACBF-12F0A04B19C8}.Debug|Any CPU.ActiveCfg = Debug|Any CPU
		{BEB0FED2-69F0-41BE-ACBF-12F0A04B19C8}.Debug|Any CPU.Build.0 = Debug|Any CPU
		{BEB0FED2-69F0-41BE-ACBF-12F0A04B19C8}.Release|Any CPU.ActiveCfg = Release|Any CPU
		{BEB0FED2-69F0-41BE-ACBF-12F0A04B19C8}.Release|Any CPU.Build.0 = Release|Any CPU
		{B982111C-991E-49FB-B9F8-9899A3F2DA10}.Debug|Any CPU.ActiveCfg = Debug|Any CPU
		{B982111C-991E-49FB-B9F8-9899A3F2DA10}.Debug|Any CPU.Build.0 = Debug|Any CPU
		{B982111C-991E-49FB-B9F8-9899A3F2DA10}.Release|Any CPU.ActiveCfg = Release|Any CPU
		{B982111C-991E-49FB-B9F8-9899A3F2DA10}.Release|Any CPU.Build.0 = Release|Any CPU
		{111B43EE-4E2E-41F4-87BC-39D0AD340395}.Debug|Any CPU.ActiveCfg = Debug|Any CPU
		{111B43EE-4E2E-41F4-87BC-39D0AD340395}.Debug|Any CPU.Build.0 = Debug|Any CPU
		{111B43EE-4E2E-41F4-87BC-39D0AD340395}.Release|Any CPU.ActiveCfg = Release|Any CPU
		{111B43EE-4E2E-41F4-87BC-39D0AD340395}.Release|Any CPU.Build.0 = Release|Any CPU
		{7C98B53A-7BFD-4C64-ADCF-DA18488414FD}.Debug|Any CPU.ActiveCfg = Debug|Any CPU
		{7C98B53A-7BFD-4C64-ADCF-DA18488414FD}.Debug|Any CPU.Build.0 = Debug|Any CPU
		{7C98B53A-7BFD-4C64-ADCF-DA18488414FD}.Release|Any CPU.ActiveCfg = Release|Any CPU
		{7C98B53A-7BFD-4C64-ADCF-DA18488414FD}.Release|Any CPU.Build.0 = Release|Any CPU
	EndGlobalSection
	GlobalSection(SolutionProperties) = preSolution
		HideSolutionNode = FALSE
	EndGlobalSection
	GlobalSection(ExtensibilityGlobals) = postSolution
		SolutionGuid = {9B312611-477E-4773-A8E3-6AAB0737F796}
	EndGlobalSection
EndGlobal
